
Microsoft Visual Studio Solution File, Format Version 12.00
# Visual Studio 2013
VisualStudioVersion = 12.0.40629.0
MinimumVisualStudioVersion = 10.0.40219.1
Project("{FAE04EC0-301F-11D3-BF4B-00C04F79EFBC}") = "QuickSharpApiClient", "QuickSharpApiClient.csproj", "{D8805B55-2771-4787-BA15-B3E663501FB5}"
EndProject
Project("{FAE04EC0-301F-11D3-BF4B-00C04F79EFBC}") = "QuickSharpApiClient.Tests", "QuickSharpApiClient.Tests\QuickSharpApiClient.Tests.csproj", "{E25B9D26-ECC0-4348-A8C2-B2460F10B219}"
EndProject
Project("{FAE04EC0-301F-11D3-BF4B-00C04F79EFBC}") = "feed", "feed\feed.csproj", "{18311296-D9DE-4FCC-AD02-3DF96E905A28}"
EndProject
Project("{FAE04EC0-301F-11D3-BF4B-00C04F79EFBC}") = "QuickSharpApiClient.Feed.Files", "QuickSharpApiClient.Feed.File\QuickSharpApiClient.Feed.Files.csproj", "{F7A98FFD-03FA-4741-B28B-AF514A6C2CB9}"
EndProject
Project("{FAE04EC0-301F-11D3-BF4B-00C04F79EFBC}") = "QuickSharpApiClient.Common", "QuickSharpApiClient.Common\QuickSharpApiClient.Common.csproj", "{8614FDA1-53CF-4E42-8E63-75BCC7536C9F}"
EndProject
Global
	GlobalSection(SolutionConfigurationPlatforms) = preSolution
		Debug|Any CPU = Debug|Any CPU
		Release|Any CPU = Release|Any CPU
	EndGlobalSection
	GlobalSection(ProjectConfigurationPlatforms) = postSolution
		{D8805B55-2771-4787-BA15-B3E663501FB5}.Debug|Any CPU.ActiveCfg = Debug|Any CPU
		{D8805B55-2771-4787-BA15-B3E663501FB5}.Debug|Any CPU.Build.0 = Debug|Any CPU
		{D8805B55-2771-4787-BA15-B3E663501FB5}.Release|Any CPU.ActiveCfg = Release|Any CPU
		{D8805B55-2771-4787-BA15-B3E663501FB5}.Release|Any CPU.Build.0 = Release|Any CPU
		{E25B9D26-ECC0-4348-A8C2-B2460F10B219}.Debug|Any CPU.ActiveCfg = Debug|Any CPU
		{E25B9D26-ECC0-4348-A8C2-B2460F10B219}.Debug|Any CPU.Build.0 = Debug|Any CPU
		{E25B9D26-ECC0-4348-A8C2-B2460F10B219}.Release|Any CPU.ActiveCfg = Release|Any CPU
		{E25B9D26-ECC0-4348-A8C2-B2460F10B219}.Release|Any CPU.Build.0 = Release|Any CPU
		{18311296-D9DE-4FCC-AD02-3DF96E905A28}.Debug|Any CPU.ActiveCfg = Debug|Any CPU
		{18311296-D9DE-4FCC-AD02-3DF96E905A28}.Debug|Any CPU.Build.0 = Debug|Any CPU
		{18311296-D9DE-4FCC-AD02-3DF96E905A28}.Release|Any CPU.ActiveCfg = Release|Any CPU
		{18311296-D9DE-4FCC-AD02-3DF96E905A28}.Release|Any CPU.Build.0 = Release|Any CPU
		{F7A98FFD-03FA-4741-B28B-AF514A6C2CB9}.Debug|Any CPU.ActiveCfg = Debug|Any CPU
		{F7A98FFD-03FA-4741-B28B-AF514A6C2CB9}.Debug|Any CPU.Build.0 = Debug|Any CPU
		{F7A98FFD-03FA-4741-B28B-AF514A6C2CB9}.Release|Any CPU.ActiveCfg = Release|Any CPU
		{F7A98FFD-03FA-4741-B28B-AF514A6C2CB9}.Release|Any CPU.Build.0 = Release|Any CPU
		{8614FDA1-53CF-4E42-8E63-75BCC7536C9F}.Debug|Any CPU.ActiveCfg = Debug|Any CPU
		{8614FDA1-53CF-4E42-8E63-75BCC7536C9F}.Debug|Any CPU.Build.0 = Debug|Any CPU
		{8614FDA1-53CF-4E42-8E63-75BCC7536C9F}.Release|Any CPU.ActiveCfg = Release|Any CPU
		{8614FDA1-53CF-4E42-8E63-75BCC7536C9F}.Release|Any CPU.Build.0 = Release|Any CPU
	EndGlobalSection
	GlobalSection(SolutionProperties) = preSolution
		HideSolutionNode = FALSE
	EndGlobalSection
EndGlobal
